#MicroXplorer Configuration settings - do not modify
CAD.formats=
CAD.pinconfig=
CAD.provider=
FDCAN1.CalculateBaudRateNominal=500000
FDCAN1.CalculateTimeBitNominal=2000
FDCAN1.CalculateTimeQuantumNominal=200.0
FDCAN1.ClockDivider=FDCAN_CLOCK_DIV2
FDCAN1.DataPrescaler=17
FDCAN1.DataSyncJumpWidth=1
FDCAN1.DataTimeSeg1=7
FDCAN1.DataTimeSeg2=2
FDCAN1.ExtFiltersNbr=8
FDCAN1.FrameFormat=FDCAN_FRAME_CLASSIC
FDCAN1.IPParameters=CalculateTimeQuantumNominal,CalculateTimeBitNominal,CalculateBaudRateNominal,NominalTimeSeg1,NominalTimeSeg2,NominalPrescaler,ClockDivider,FrameFormat,NominalSyncJumpWidth,StdFiltersNbr,ExtFiltersNbr,DataSyncJumpWidth,DataPrescaler,DataTimeSeg1,DataTimeSeg2
FDCAN1.NominalPrescaler=17
FDCAN1.NominalSyncJumpWidth=1
FDCAN1.NominalTimeSeg1=7
FDCAN1.NominalTimeSeg2=2
FDCAN1.StdFiltersNbr=28
File.Version=6
GPIO.groupedBy=Group By Peripherals
I2C2.I2C_Speed_Mode=I2C_Fast
I2C2.IPParameters=Timing,I2C_Speed_Mode
I2C2.Timing=0x40621236
I2C3.IPParameters=Timing
I2C3.Timing=0x40B285C2
KeepUserPlacement=false
Mcu.CPN=STM32G474QET6
Mcu.Family=STM32G4
Mcu.IP0=FDCAN1
Mcu.IP1=I2C2
Mcu.IP10=TIM2
Mcu.IP11=TIM3
Mcu.IP12=TIM4
Mcu.IP13=TIM5
Mcu.IP14=TIM6
Mcu.IP15=TIM7
Mcu.IP16=TIM8
Mcu.IP17=TIM15
Mcu.IP18=TIM16
Mcu.IP19=TIM17
Mcu.IP2=I2C3
Mcu.IP20=TIM20
Mcu.IP21=UART4
Mcu.IP22=UART5
Mcu.IP23=USART1
Mcu.IP24=USART2
Mcu.IP25=USART3
Mcu.IP3=NVIC
Mcu.IP4=RCC
Mcu.IP5=RTC
Mcu.IP6=SPI1
Mcu.IP7=SPI2
Mcu.IP8=SYS
Mcu.IP9=TIM1
Mcu.IPNb=26
Mcu.Name=STM32G474Q(B-C-E)Tx
Mcu.Package=LQFP128
Mcu.Pin0=PE2
Mcu.Pin1=PE3
Mcu.Pin10=PF0-OSC_IN
Mcu.Pin11=PF1-OSC_OUT
Mcu.Pin12=PC0
Mcu.Pin13=PC1
Mcu.Pin14=PC2
Mcu.Pin15=PC3
Mcu.Pin16=PF2
Mcu.Pin17=PA0
Mcu.Pin18=PA1
Mcu.Pin19=PA2
Mcu.Pin2=PE4
Mcu.Pin20=PA4
Mcu.Pin21=PA5
Mcu.Pin22=PA6
Mcu.Pin23=PA7
Mcu.Pin24=PC4
Mcu.Pin25=PC5
Mcu.Pin26=PB10
Mcu.Pin27=PB11
Mcu.Pin28=PB13
Mcu.Pin29=PB14
Mcu.Pin3=PE5
Mcu.Pin30=PB15
Mcu.Pin31=PD12
Mcu.Pin32=PD13
Mcu.Pin33=PC6
Mcu.Pin34=PC7
Mcu.Pin35=PG2
Mcu.Pin36=PC8
Mcu.Pin37=PC9
Mcu.Pin38=PA8
Mcu.Pin39=PA9
Mcu.Pin4=PC13
Mcu.Pin40=PA11
Mcu.Pin41=PA12
Mcu.Pin42=PA13
Mcu.Pin43=PA14
Mcu.Pin44=PA15
Mcu.Pin45=PC10
Mcu.Pin46=PC11
Mcu.Pin47=PC12
Mcu.Pin48=PG5
Mcu.Pin49=PG6
Mcu.Pin5=PC14-OSC32_IN
Mcu.Pin50=PD0
Mcu.Pin51=PD1
Mcu.Pin52=PD2
Mcu.Pin53=PD5
Mcu.Pin54=PB3
Mcu.Pin55=PB4
Mcu.Pin56=PB5
Mcu.Pin57=PB6
Mcu.Pin58=PB7
Mcu.Pin59=PB9
Mcu.Pin6=PC15-OSC32_OUT
Mcu.Pin60=PE0
Mcu.Pin61=PE1
Mcu.Pin62=VP_RTC_VS_RTC_Activate
Mcu.Pin63=VP_SYS_VS_Systick
Mcu.Pin64=VP_SYS_VS_DBSignals
Mcu.Pin65=VP_TIM5_VS_ClockSourceINT
Mcu.Pin66=VP_TIM6_VS_ClockSourceINT
Mcu.Pin67=VP_TIM7_VS_ClockSourceINT
Mcu.Pin68=VP_TIM8_VS_ClockSourceINT
Mcu.Pin69=VP_TIM15_VS_ClockSourceINT
Mcu.Pin7=PF3
Mcu.Pin70=VP_TIM16_VS_ClockSourceINT
Mcu.Pin71=VP_TIM17_VS_ClockSourceINT
Mcu.Pin72=VP_TIM20_VS_ClockSourceINT
Mcu.Pin73=VP_STMicroelectronics.X-CUBE-ALGOBUILD_VS_DSPOoLibraryJjLibrary_1.4.0_1.4.0
Mcu.Pin8=PF9
Mcu.Pin9=PF10
Mcu.PinsNb=74
Mcu.ThirdParty0=STMicroelectronics.X-CUBE-ALGOBUILD.1.4.0
Mcu.ThirdPartyNb=1
Mcu.UserConstants=
Mcu.UserName=STM32G474QETx
MxCube.Version=6.14.1
MxDb.Version=DB.6.0.141
NVIC.BusFault_IRQn=true\:0\:0\:false\:false\:true\:false\:false\:false
NVIC.DebugMonitor_IRQn=true\:0\:0\:false\:false\:true\:false\:false\:false
NVIC.FDCAN1_IT0_IRQn=true\:0\:0\:false\:false\:true\:true\:true\:true
NVIC.ForceEnableDMAVector=true
NVIC.HardFault_IRQn=true\:0\:0\:false\:false\:true\:false\:false\:false
NVIC.I2C2_ER_IRQn=true\:0\:0\:false\:false\:true\:true\:true\:true
NVIC.I2C2_EV_IRQn=true\:0\:0\:false\:false\:true\:true\:true\:true
NVIC.I2C3_ER_IRQn=true\:0\:0\:false\:false\:true\:true\:true\:true
NVIC.I2C3_EV_IRQn=true\:0\:0\:false\:false\:true\:true\:true\:true
NVIC.MemoryManagement_IRQn=true\:0\:0\:false\:false\:true\:false\:false\:false
NVIC.NonMaskableInt_IRQn=true\:0\:0\:false\:false\:true\:false\:false\:false
NVIC.PendSV_IRQn=true\:0\:0\:false\:false\:true\:false\:false\:false
NVIC.PriorityGroup=NVIC_PRIORITYGROUP_4
NVIC.SVCall_IRQn=true\:0\:0\:false\:false\:true\:false\:false\:false
NVIC.SysTick_IRQn=true\:15\:0\:false\:false\:true\:false\:true\:false
NVIC.TIM5_IRQn=true\:0\:0\:false\:false\:true\:true\:true\:true
NVIC.TIM7_DAC_IRQn=true\:0\:0\:false\:false\:true\:true\:true\:true
NVIC.TIM8_CC_IRQn=true\:0\:0\:false\:false\:true\:true\:true\:true
NVIC.UART4_IRQn=true\:0\:0\:false\:false\:true\:true\:true\:true
NVIC.UART5_IRQn=true\:0\:0\:false\:false\:true\:true\:true\:true
NVIC.USART1_IRQn=true\:0\:0\:false\:false\:true\:true\:true\:true
NVIC.USART2_IRQn=true\:0\:0\:false\:false\:true\:true\:true\:true
NVIC.USART3_IRQn=true\:0\:0\:false\:false\:true\:true\:true\:true
NVIC.UsageFault_IRQn=true\:0\:0\:false\:false\:true\:false\:false\:false
PA0.GPIOParameters=GPIO_Label
PA0.GPIO_Label=RF_ENC_A
PA0.Locked=true
PA0.Signal=S_TIM2_CH1
PA1.GPIOParameters=GPIO_Label
PA1.GPIO_Label=RF_ENC_B
PA1.Locked=true
PA1.Signal=S_TIM2_CH2
PA11.Locked=true
PA11.Signal=USB_DM
PA12.Locked=true
PA12.Signal=USB_DP
PA13.Locked=true
PA13.Mode=Serial_Wire
PA13.Signal=SYS_JTMS-SWDIO
PA14.Locked=true
PA14.Mode=Serial_Wire
PA14.Signal=SYS_JTCK-SWCLK
PA15.Locked=true
PA15.Mode=Asynchronous
PA15.Signal=USART2_RX
PA2.GPIOParameters=GPIO_PuPd,GPIO_Label
PA2.GPIO_Label=USW2_Core
PA2.GPIO_PuPd=GPIO_PULLUP
PA2.Locked=true
PA2.Signal=GPIO_Input
PA4.GPIOParameters=GPIO_Label
PA4.GPIO_Label=FLASH_SPI1_NSS
PA4.Locked=true
PA4.Mode=NSS_Signal_Hard_Output
PA4.Signal=SPI1_NSS
PA5.GPIOParameters=GPIO_Label
PA5.GPIO_Label=FLASH_SPI1_SCK
PA5.Locked=true
PA5.Mode=Full_Duplex_Master
PA5.Signal=SPI1_SCK
PA6.GPIOParameters=GPIO_Label
PA6.GPIO_Label=FLASH_SPI1_MISO
PA6.Locked=true
PA6.Mode=Full_Duplex_Master
PA6.Signal=SPI1_MISO
PA7.GPIOParameters=GPIO_Label
PA7.GPIO_Label=FLASH_SPI1_MOSI
PA7.Locked=true
PA7.Mode=Full_Duplex_Master
PA7.Signal=SPI1_MOSI
PA8.GPIOParameters=GPIO_Label
PA8.GPIO_Label=DRIVER_I2C2_SDA
PA8.Locked=true
PA8.Mode=I2C
PA8.Signal=I2C2_SDA
PA9.GPIOParameters=GPIO_Label
PA9.GPIO_Label=DRIVER_I2C2_SCL
PA9.Locked=true
PA9.Mode=I2C
PA9.Signal=I2C2_SCL
PB10.GPIOParameters=GPIO_Label
PB10.GPIO_Label=Servo_SIG_TX
PB10.Mode=Half_duplex(single_wire_mode)
PB10.Signal=USART3_TX
PB11.GPIOParameters=GPIO_PuPd,GPIO_Label
PB11.GPIO_Label=USW1_Core
PB11.GPIO_PuPd=GPIO_PULLUP
PB11.Locked=true
PB11.Signal=GPIO_Input
PB13.GPIOParameters=GPIO_Label
PB13.GPIO_Label=DRIVER_SPI2_SCK
PB13.Locked=true
PB13.Mode=Full_Duplex_Master
PB13.Signal=SPI2_SCK
PB14.GPIOParameters=GPIO_Label
PB14.GPIO_Label=DRIVER_SPI2_MISO
PB14.Locked=true
PB14.Mode=Full_Duplex_Master
PB14.Signal=SPI2_MISO
PB15.GPIOParameters=GPIO_Label
PB15.GPIO_Label=DRIVER_SPI2_MOSI
PB15.Locked=true
PB15.Mode=Full_Duplex_Master
PB15.Signal=SPI2_MOSI
PB3.Locked=true
PB3.Mode=Asynchronous
PB3.Signal=USART2_TX
PB4.GPIOParameters=GPIO_Label
PB4.GPIO_Label=ULED4_Driver
PB4.Locked=true
PB4.Signal=GPIO_Output
PB5.GPIOParameters=GPIO_Label
PB5.GPIO_Label=StepA_DIR
PB5.Locked=true
PB5.Signal=GPIO_Output
PB6.GPIOParameters=GPIO_Label
PB6.GPIO_Label=StepA_STEP
PB6.Locked=true
PB6.Signal=S_TIM8_CH1
PB7.GPIOParameters=GPIO_Label
PB7.GPIO_Label=StepB_DIR
PB7.Locked=true
PB7.Signal=GPIO_Output
PB9.GPIOParameters=GPIO_Label
PB9.GPIO_Label=StepB_STEP
PB9.Locked=true
PB9.Signal=S_TIM17_CH1
PC0.GPIOParameters=GPIO_Label
PC0.GPIO_Label=RB_ENC_A
PC0.Signal=S_TIM1_CH1
PC1.GPIOParameters=GPIO_Label
PC1.GPIO_Label=RB_ENC_B
PC1.Signal=S_TIM1_CH2
PC10.GPIOParameters=GPIO_Label
PC10.GPIO_Label=DebugUART4_TX
PC10.Locked=true
PC10.Mode=Asynchronous
PC10.Signal=UART4_TX
PC11.GPIOParameters=GPIO_Label
PC11.GPIO_Label=DebugUART4_RX
PC11.Locked=true
PC11.Mode=Asynchronous
PC11.Signal=UART4_RX
PC12.Locked=true
PC12.Mode=Asynchronous
PC12.Signal=UART5_TX
PC13.GPIOParameters=GPIO_Label
PC13.GPIO_Label=ULED2_Core
PC13.Locked=true
PC13.Signal=GPIO_Output
PC14-OSC32_IN.Mode=LSE-External-Oscillator
PC14-OSC32_IN.Signal=RCC_OSC32_IN
PC15-OSC32_OUT.Mode=LSE-External-Oscillator
PC15-OSC32_OUT.Signal=RCC_OSC32_OUT
PC2.GPIOParameters=GPIO_Label
PC2.GPIO_Label=LB_IN
PC2.Locked=true
PC2.Signal=GPIO_Output
PC3.GPIOParameters=GPIO_Label
PC3.GPIO_Label=LF_IN
PC3.Locked=true
PC3.Signal=GPIO_Output
PC4.GPIOParameters=GPIO_PuPd
PC4.GPIO_PuPd=GPIO_NOPULL
PC4.Locked=true
PC4.Mode=Asynchronous
PC4.Signal=USART1_TX
PC5.GPIOParameters=GPIO_PuPd
PC5.GPIO_PuPd=GPIO_PULLUP
PC5.Locked=true
PC5.Mode=Asynchronous
PC5.Signal=USART1_RX
PC6.GPIOParameters=GPIO_Label
PC6.GPIO_Label=LB_ENC_A
PC6.Locked=true
PC6.Signal=S_TIM3_CH1
PC7.GPIOParameters=GPIO_Label
PC7.GPIO_Label=LB_ENC_B
PC7.Locked=true
PC7.Signal=S_TIM3_CH2
PC8.GPIOParameters=GPIO_Label
PC8.GPIO_Label=ADVANCE_I2C3_SCL
PC8.Locked=true
PC8.Mode=I2C
PC8.Signal=I2C3_SCL
PC9.GPIOParameters=GPIO_Label
PC9.GPIO_Label=ADVANCE_I2C3_SDA
PC9.Locked=true
PC9.Mode=I2C
PC9.Signal=I2C3_SDA
PD0.GPIOParameters=GPIO_Label
PD0.GPIO_Label=ADVANCE_CAN_RX
PD0.Locked=true
PD0.Mode=FDCAN_Activate
PD0.Signal=FDCAN1_RX
PD1.GPIOParameters=GPIO_Label
PD1.GPIO_Label=ADVANCE_CAN_TX
PD1.Locked=true
PD1.Mode=FDCAN_Activate
PD1.Signal=FDCAN1_TX
PD12.GPIOParameters=GPIO_Label
PD12.GPIO_Label=LF_ENC_A
PD12.Signal=S_TIM4_CH1
PD13.GPIOParameters=GPIO_Label
PD13.GPIO_Label=LF_ENC_B
PD13.Signal=S_TIM4_CH2
PD2.Locked=true
PD2.Mode=Asynchronous
PD2.Signal=UART5_RX
PD5.GPIOParameters=GPIO_PuPd,GPIO_Label,GPIO_ModeDefaultOutputPP
PD5.GPIO_Label=BUZZER
PD5.GPIO_ModeDefaultOutputPP=GPIO_MODE_OUTPUT_PP
PD5.GPIO_PuPd=GPIO_NOPULL
PD5.Locked=true
PD5.Signal=GPIO_Output
PE0.GPIOParameters=GPIO_Label
PE0.GPIO_Label=ULED3_Driver
PE0.Locked=true
PE0.Signal=GPIO_Output
PE1.GPIOParameters=GPIO_Label
PE1.GPIO_Label=ULED1_Core
PE1.Locked=true
PE1.Signal=GPIO_Output
PE2.GPIOParameters=GPIO_Label
PE2.GPIO_Label=RB_PWM
PE2.Locked=true
PE2.Signal=S_TIM20_CH1
PE3.GPIOParameters=GPIO_Label
PE3.GPIO_Label=RF_PWM
PE3.Locked=true
PE3.Signal=S_TIM20_CH2
PE4.GPIOParameters=GPIO_Label
PE4.GPIO_Label=RB_IN
PE4.Locked=true
PE4.Signal=GPIO_Output
PE5.GPIOParameters=GPIO_Label
PE5.GPIO_Label=RF_IN
PE5.Locked=true
PE5.Signal=GPIO_Output
PF0-OSC_IN.Mode=HSE-External-Oscillator
PF0-OSC_IN.Signal=RCC_OSC_IN
PF1-OSC_OUT.Mode=HSE-External-Oscillator
PF1-OSC_OUT.Signal=RCC_OSC_OUT
PF10.GPIOParameters=GPIO_Label
PF10.GPIO_Label=A_Raw_PWM
PF10.Signal=S_TIM15_CH2
PF2.GPIOParameters=GPIO_Label
PF2.GPIO_Label=LB_PWM
PF2.Locked=true
PF2.Signal=S_TIM20_CH3
PF3.GPIOParameters=GPIO_Label
PF3.GPIO_Label=LF_PWM
PF3.Locked=true
PF3.Signal=S_TIM20_CH4
PF9.GPIOParameters=GPIO_Label
PF9.GPIO_Label=B_Raw_PWM
PF9.Signal=S_TIM15_CH1
PG2.GPIOParameters=GPIO_Label
PG2.GPIO_Label=ADVANCE_ALERT
PG2.Locked=true
PG2.Signal=GPIO_Input
PG5.GPIOParameters=GPIO_PuPd,GPIO_Label
PG5.GPIO_Label=USW3_Driver
PG5.GPIO_PuPd=GPIO_PULLUP
PG5.Locked=true
PG5.Signal=GPIO_Input
PG6.GPIOParameters=GPIO_PuPd,GPIO_Label
PG6.GPIO_Label=USW4_Driver
PG6.GPIO_PuPd=GPIO_PULLUP
PG6.Locked=true
PG6.Signal=GPIO_Input
PinOutPanel.RotationAngle=0
ProjectManager.AskForMigrate=true
ProjectManager.BackupPrevious=false
ProjectManager.CompilerLinker=GCC
ProjectManager.CompilerOptimize=6
ProjectManager.ComputerToolchain=false
ProjectManager.CoupleFile=true
ProjectManager.CustomerFirmwarePackage=
ProjectManager.DefaultFWLocation=true
ProjectManager.DeletePrevious=true
ProjectManager.DeviceId=STM32G474QETx
ProjectManager.FirmwarePackage=STM32Cube FW_G4 V1.6.1
ProjectManager.FreePins=false
ProjectManager.HalAssertFull=false
ProjectManager.HeapSize=0x200
ProjectManager.KeepUserCode=true
ProjectManager.LastFirmware=true
ProjectManager.LibraryCopy=0
ProjectManager.MainLocation=Core/Src
ProjectManager.NoMain=false
ProjectManager.PreviousToolchain=
ProjectManager.ProjectBuild=false
ProjectManager.ProjectFileName=MX_GeneralCtrl_Advance.ioc
ProjectManager.ProjectName=MX_GeneralCtrl_Advance
ProjectManager.ProjectStructure=
ProjectManager.RegisterCallBack=
ProjectManager.StackSize=0x400
ProjectManager.TargetToolchain=MDK-ARM V5.32
ProjectManager.ToolChainLocation=
ProjectManager.UAScriptAfterPath=
ProjectManager.UAScriptBeforePath=
ProjectManager.UnderRoot=false
ProjectManager.functionlistsort=1-SystemClock_Config-RCC-false-HAL-false,2-MX_GPIO_Init-GPIO-false-HAL-true,3-MX_RTC_Init-RTC-false-HAL-true,4-MX_SPI1_Init-SPI1-false-HAL-true,5-MX_UART4_Init-UART4-false-HAL-true,6-MX_I2C2_Init-I2C2-false-HAL-true,7-MX_I2C3_Init-I2C3-false-HAL-true,8-MX_SPI2_Init-SPI2-false-HAL-true,9-MX_TIM1_Init-TIM1-false-HAL-true,10-MX_TIM2_Init-TIM2-false-HAL-true,11-MX_TIM3_Init-TIM3-false-HAL-true,12-MX_TIM4_Init-TIM4-false-HAL-true,13-MX_TIM15_Init-TIM15-false-HAL-true,14-MX_TIM20_Init-TIM20-false-HAL-true,15-MX_UART5_Init-UART5-false-HAL-true,16-MX_USART1_UART_Init-USART1-false-HAL-true,17-MX_FDCAN1_Init-FDCAN1-false-HAL-true,18-MX_TIM8_Init-TIM8-false-HAL-true,19-MX_USART3_UART_Init-USART3-false-HAL-true,20-MX_TIM5_Init-TIM5-false-HAL-true,21-MX_TIM6_Init-TIM6-false-HAL-true,22-MX_TIM16_Init-TIM16-false-HAL-true,23-MX_USART2_UART_Init-USART2-false-HAL-true,24-MX_TIM17_Init-TIM17-false-HAL-true,25-MX_TIM7_Init-TIM7-false-HAL-true
RCC.ADC12Freq_Value=170000000
RCC.ADC345Freq_Value=170000000
RCC.AHBFreq_Value=170000000
RCC.APB1Freq_Value=170000000
RCC.APB1TimFreq_Value=170000000
RCC.APB2Freq_Value=170000000
RCC.APB2TimFreq_Value=170000000
RCC.CK48CLockSelection=RCC_USBCLKSOURCE_HSI48
RCC.CRSFreq_Value=48000000
RCC.CortexFreq_Value=170000000
RCC.EXTERNAL_CLOCK_VALUE=12288000
RCC.FCLKCortexFreq_Value=170000000
RCC.FDCANFreq_Value=170000000
RCC.FamilyName=M
RCC.HCLKFreq_Value=170000000
RCC.HRTIM1Freq_Value=170000000
RCC.HSE_VALUE=8000000
RCC.HSI48_VALUE=48000000
RCC.HSI_VALUE=16000000
RCC.I2C1Freq_Value=170000000
RCC.I2C2Freq_Value=170000000
RCC.I2C3Freq_Value=170000000
RCC.I2C4Freq_Value=170000000
RCC.I2SFreq_Value=170000000
RCC.IPParameters=ADC12Freq_Value,ADC345Freq_Value,AHBFreq_Value,APB1Freq_Value,APB1TimFreq_Value,APB2Freq_Value,APB2TimFreq_Value,CK48CLockSelection,CRSFreq_Value,CortexFreq_Value,EXTERNAL_CLOCK_VALUE,FCLKCortexFreq_Value,FDCANFreq_Value,FamilyName,HCLKFreq_Value,HRTIM1Freq_Value,HSE_VALUE,HSI48_VALUE,HSI_VALUE,I2C1Freq_Value,I2C2Freq_Value,I2C3Freq_Value,I2C4Freq_Value,I2SFreq_Value,LPTIM1Freq_Value,LPUART1Freq_Value,LSCOPinFreq_Value,LSI_VALUE,MCO1PinFreq_Value,PLLM,PLLN,PLLPoutputFreq_Value,PLLQ,PLLQoutputFreq_Value,PLLRCLKFreq_Value,PLLSourceVirtual,PWRFreq_Value,QSPIFreq_Value,RNGFreq_Value,RTCClockSelection,RTCFreq_Value,SAI1Freq_Value,SYSCLKFreq_VALUE,SYSCLKSource,UART4Freq_Value,UART5Freq_Value,USART1Freq_Value,USART2Freq_Value,USART3Freq_Value,USBFreq_Value,VCOInputFreq_Value,VCOOutputFreq_Value
RCC.LPTIM1Freq_Value=170000000
RCC.LPUART1Freq_Value=170000000
RCC.LSCOPinFreq_Value=32000
RCC.LSI_VALUE=32000
RCC.MCO1PinFreq_Value=16000000
RCC.PLLM=RCC_PLLM_DIV2
RCC.PLLN=85
RCC.PLLPoutputFreq_Value=170000000
RCC.PLLQ=RCC_PLLQ_DIV6
RCC.PLLQoutputFreq_Value=56666666.666666664
RCC.PLLRCLKFreq_Value=170000000
RCC.PLLSourceVirtual=RCC_PLLSOURCE_HSE
RCC.PWRFreq_Value=170000000
RCC.QSPIFreq_Value=170000000
RCC.RNGFreq_Value=48000000
RCC.RTCClockSelection=RCC_RTCCLKSOURCE_LSE
RCC.RTCFreq_Value=32768
RCC.SAI1Freq_Value=170000000
RCC.SYSCLKFreq_VALUE=170000000
RCC.SYSCLKSource=RCC_SYSCLKSOURCE_PLLCLK
RCC.UART4Freq_Value=170000000
RCC.UART5Freq_Value=170000000
RCC.USART1Freq_Value=170000000
RCC.USART2Freq_Value=170000000
RCC.USART3Freq_Value=170000000
RCC.USBFreq_Value=48000000
RCC.VCOInputFreq_Value=4000000
RCC.VCOOutputFreq_Value=340000000
SH.S_TIM15_CH1.0=TIM15_CH1,PWM Generation1 CH1
SH.S_TIM15_CH1.ConfNb=1
SH.S_TIM15_CH2.0=TIM15_CH2,PWM Generation2 CH2
SH.S_TIM15_CH2.ConfNb=1
SH.S_TIM17_CH1.0=TIM17_CH1,PWM Generation1 CH1
SH.S_TIM17_CH1.ConfNb=1
SH.S_TIM1_CH1.0=TIM1_CH1,Encoder_Interface
SH.S_TIM1_CH1.ConfNb=1
SH.S_TIM1_CH2.0=TIM1_CH2,Encoder_Interface
SH.S_TIM1_CH2.ConfNb=1
SH.S_TIM20_CH1.0=TIM20_CH1,PWM Generation1 CH1
SH.S_TIM20_CH1.ConfNb=1
SH.S_TIM20_CH2.0=TIM20_CH2,PWM Generation2 CH2
SH.S_TIM20_CH2.ConfNb=1
SH.S_TIM20_CH3.0=TIM20_CH3,PWM Generation3 CH3
SH.S_TIM20_CH3.ConfNb=1
SH.S_TIM20_CH4.0=TIM20_CH4,PWM Generation4 CH4
SH.S_TIM20_CH4.ConfNb=1
SH.S_TIM2_CH1.0=TIM2_CH1,Encoder_Interface
SH.S_TIM2_CH1.ConfNb=1
SH.S_TIM2_CH2.0=TIM2_CH2,Encoder_Interface
SH.S_TIM2_CH2.ConfNb=1
SH.S_TIM3_CH1.0=TIM3_CH1,Encoder_Interface
SH.S_TIM3_CH1.ConfNb=1
SH.S_TIM3_CH2.0=TIM3_CH2,Encoder_Interface
SH.S_TIM3_CH2.ConfNb=1
SH.S_TIM4_CH1.0=TIM4_CH1,Encoder_Interface
SH.S_TIM4_CH1.ConfNb=1
SH.S_TIM4_CH2.0=TIM4_CH2,Encoder_Interface
SH.S_TIM4_CH2.ConfNb=1
SH.S_TIM8_CH1.0=TIM8_CH1,PWM Generation1 CH1
SH.S_TIM8_CH1.ConfNb=1
SPI1.BaudRatePrescaler=SPI_BAUDRATEPRESCALER_4
SPI1.CalculateBaudRate=42.5 MBits/s
SPI1.Direction=SPI_DIRECTION_2LINES
SPI1.IPParameters=VirtualType,Mode,Direction,BaudRatePrescaler,CalculateBaudRate,VirtualNSS
SPI1.Mode=SPI_MODE_MASTER
SPI1.VirtualNSS=VM_NSSHARD
SPI1.VirtualType=VM_MASTER
SPI2.BaudRatePrescaler=SPI_BAUDRATEPRESCALER_4
SPI2.CalculateBaudRate=42.5 MBits/s
SPI2.Direction=SPI_DIRECTION_2LINES
SPI2.IPParameters=VirtualType,Mode,Direction,BaudRatePrescaler,CalculateBaudRate
SPI2.Mode=SPI_MODE_MASTER
SPI2.VirtualType=VM_MASTER
STMicroelectronics.X-CUBE-ALGOBUILD.1.4.0.DSPOoLibraryJjLibrary_Checked=true
STMicroelectronics.X-CUBE-ALGOBUILD.1.4.0.IPParameters=LibraryCcDSPOoLibraryJjDSPOoLibrary
STMicroelectronics.X-CUBE-ALGOBUILD.1.4.0.LibraryCcDSPOoLibraryJjDSPOoLibrary=true
STMicroelectronics.X-CUBE-ALGOBUILD.1.4.0_SwParameter=LibraryCcDSPOoLibraryJjDSPOoLibrary\:true;
TIM1.AutoReloadPreload=TIM_AUTORELOAD_PRELOAD_ENABLE
TIM1.IPParameters=AutoReloadPreload
TIM15.Channel-PWM\ Generation1\ CH1=TIM_CHANNEL_1
TIM15.Channel-PWM\ Generation2\ CH2=TIM_CHANNEL_2
TIM15.IPParameters=Channel-PWM Generation1 CH1,Channel-PWM Generation2 CH2
TIM16.AutoReloadPreload=TIM_AUTORELOAD_PRELOAD_ENABLE
TIM16.IPParameters=Prescaler,AutoReloadPreload,PeriodNoDither
TIM16.PeriodNoDither=1000-1
TIM16.Prescaler=170-1
TIM17.Channel=TIM_CHANNEL_1
TIM17.IPParameters=Channel,Prescaler,PeriodNoDither,OCMode_PWM,PulseNoDither_1
TIM17.OCMode_PWM=TIM_OCMODE_PWM2
TIM17.PeriodNoDither=1000-1
TIM17.Prescaler=1000-1
TIM17.PulseNoDither_1=500
TIM2.AutoReloadPreload=TIM_AUTORELOAD_PRELOAD_ENABLE
TIM2.IPParameters=AutoReloadPreload
TIM20.AutoReloadPreload=TIM_AUTORELOAD_PRELOAD_ENABLE
TIM20.Channel-PWM\ Generation1\ CH1=TIM_CHANNEL_1
TIM20.Channel-PWM\ Generation2\ CH2=TIM_CHANNEL_2
TIM20.Channel-PWM\ Generation3\ CH3=TIM_CHANNEL_3
TIM20.Channel-PWM\ Generation4\ CH4=TIM_CHANNEL_4
TIM20.IPParameters=Channel-PWM Generation1 CH1,Channel-PWM Generation2 CH2,Channel-PWM Generation3 CH3,Channel-PWM Generation4 CH4,PeriodNoDither,Prescaler,AutoReloadPreload
TIM20.PeriodNoDither=10000-1
TIM20.Prescaler=170-1
TIM3.AutoReloadPreload=TIM_AUTORELOAD_PRELOAD_ENABLE
TIM3.IPParameters=AutoReloadPreload
TIM4.AutoReloadPreload=TIM_AUTORELOAD_PRELOAD_ENABLE
TIM4.IPParameters=AutoReloadPreload
TIM5.AutoReloadPreload=TIM_AUTORELOAD_PRELOAD_ENABLE
TIM5.IPParameters=Prescaler,PeriodNoDither,AutoReloadPreload
TIM5.PeriodNoDither=1000-1
TIM5.Prescaler=170-1
TIM6.IPParameters=Prescaler,PeriodNoDither
TIM6.PeriodNoDither=65535
TIM6.Prescaler=170-1
TIM7.IPParameters=Prescaler,PeriodNoDither
TIM7.PeriodNoDither=10000-1
TIM7.Prescaler=170-1
TIM8.Channel-PWM\ Generation1\ CH1=TIM_CHANNEL_1
TIM8.IPParameters=Channel-PWM Generation1 CH1,Prescaler,PeriodNoDither,PulseNoDither_1,OCMode_PWM-PWM Generation1 CH1
TIM8.OCMode_PWM-PWM\ Generation1\ CH1=TIM_OCMODE_PWM2
TIM8.PeriodNoDither=1000-1
TIM8.Prescaler=170
TIM8.PulseNoDither_1=500
USART1.IPParameters=VirtualMode-Asynchronous
USART1.VirtualMode-Asynchronous=VM_ASYNC
USART2.IPParameters=VirtualMode-Asynchronous
USART2.VirtualMode-Asynchronous=VM_ASYNC
USART3.IPParameters=VirtualMode-Half_duplex(single_wire_mode)
USART3.VirtualMode-Half_duplex(single_wire_mode)=VM_ASYNC
VP_RTC_VS_RTC_Activate.Mode=RTC_Enabled
VP_RTC_VS_RTC_Activate.Signal=RTC_VS_RTC_Activate
VP_STMicroelectronics.X-CUBE-ALGOBUILD_VS_DSPOoLibraryJjLibrary_1.4.0_1.4.0.Mode=DSPOoLibraryJjLibrary
VP_STMicroelectronics.X-CUBE-ALGOBUILD_VS_DSPOoLibraryJjLibrary_1.4.0_1.4.0.Signal=STMicroelectronics.X-CUBE-ALGOBUILD_VS_DSPOoLibraryJjLibrary_1.4.0_1.4.0
VP_SYS_VS_DBSignals.Mode=DisableDeadBatterySignals
VP_SYS_VS_DBSignals.Signal=SYS_VS_DBSignals
VP_SYS_VS_Systick.Mode=SysTick
VP_SYS_VS_Systick.Signal=SYS_VS_Systick
VP_TIM15_VS_ClockSourceINT.Mode=Internal
VP_TIM15_VS_ClockSourceINT.Signal=TIM15_VS_ClockSourceINT
VP_TIM16_VS_ClockSourceINT.Mode=Enable_Timer
VP_TIM16_VS_ClockSourceINT.Signal=TIM16_VS_ClockSourceINT
VP_TIM17_VS_ClockSourceINT.Mode=Enable_Timer
VP_TIM17_VS_ClockSourceINT.Signal=TIM17_VS_ClockSourceINT
VP_TIM20_VS_ClockSourceINT.Mode=Internal
VP_TIM20_VS_ClockSourceINT.Signal=TIM20_VS_ClockSourceINT
VP_TIM5_VS_ClockSourceINT.Mode=Internal
VP_TIM5_VS_ClockSourceINT.Signal=TIM5_VS_ClockSourceINT
VP_TIM6_VS_ClockSourceINT.Mode=Enable_Timer
VP_TIM6_VS_ClockSourceINT.Signal=TIM6_VS_ClockSourceINT
VP_TIM7_VS_ClockSourceINT.Mode=Enable_Timer
VP_TIM7_VS_ClockSourceINT.Signal=TIM7_VS_ClockSourceINT
VP_TIM8_VS_ClockSourceINT.Mode=Internal
VP_TIM8_VS_ClockSourceINT.Signal=TIM8_VS_ClockSourceINT
board=custom
